// !$*UTF8*$!
{
	archiveVersion = 1;
	classes = {
	};
	objectVersion = 44;
	objects = {

/* Begin PBXBuildFile section */
		0091D8F90E81B9330029341E /* OpenGL.framework in Frameworks */ = {isa = PBXBuildFile; fileRef = 0091D8F80E81B9330029341E /* OpenGL.framework */; };
		0097E3E50F3E9819005A4392 /* QuickTime.framework in Frameworks */ = {isa = PBXBuildFile; fileRef = 0097E3E40F3E9819005A4392 /* QuickTime.framework */; };
		00B784B30FF439BC000DE1D7 /* Accelerate.framework in Frameworks */ = {isa = PBXBuildFile; fileRef = 00B784AF0FF439BC000DE1D7 /* Accelerate.framework */; };
		00B784B40FF439BC000DE1D7 /* AudioToolbox.framework in Frameworks */ = {isa = PBXBuildFile; fileRef = 00B784B00FF439BC000DE1D7 /* AudioToolbox.framework */; };
		00B784B50FF439BC000DE1D7 /* AudioUnit.framework in Frameworks */ = {isa = PBXBuildFile; fileRef = 00B784B10FF439BC000DE1D7 /* AudioUnit.framework */; };
		00B784B60FF439BC000DE1D7 /* CoreAudio.framework in Frameworks */ = {isa = PBXBuildFile; fileRef = 00B784B20FF439BC000DE1D7 /* CoreAudio.framework */; };
		00BAE65A0E7ED9C10018A608 /* emotionApp.cpp in Sources */ = {isa = PBXBuildFile; fileRef = 00BAE6590E7ED9C10018A608 /* emotionApp.cpp */; };
		00CCAF15116A9FEE008396D5 /* CinderApp.icns in Resources */ = {isa = PBXBuildFile; fileRef = 00CCAF14116A9FEE008396D5 /* CinderApp.icns */; };
		23689720152D2937006ECA87 /* CharacterSpline.cpp in Sources */ = {isa = PBXBuildFile; fileRef = 2368971F152D2937006ECA87 /* CharacterSpline.cpp */; };
		2371E4F2151ABDE3009745BD /* EmoAttractor.cpp in Sources */ = {isa = PBXBuildFile; fileRef = 2371E4F1151ABDE3009745BD /* EmoAttractor.cpp */; };
		238F2B751514B49500673859 /* BeatController.cpp in Sources */ = {isa = PBXBuildFile; fileRef = 238F2B741514B49500673859 /* BeatController.cpp */; };
		2394779115214B8C00D9B422 /* _codeSnippet.cpp in Sources */ = {isa = PBXBuildFile; fileRef = 2394779015214B8C00D9B422 /* _codeSnippet.cpp */; };
		23A75423150FBE2200666518 /* Color.cpp in Sources */ = {isa = PBXBuildFile; fileRef = 23A753BA150FBE2200666518 /* Color.cpp */; };
		23A75424150FBE2200666518 /* MSACoreGL.cpp in Sources */ = {isa = PBXBuildFile; fileRef = 23A753C1150FBE2200666518 /* MSACoreGL.cpp */; };
		23A7542A150FBE2200666518 /* MSAObjCPointer.cpp in Sources */ = {isa = PBXBuildFile; fileRef = 23A753D2150FBE2200666518 /* MSAObjCPointer.cpp */; };
		23D325C8151D3DEE00563D81 /* InfoPanel.cpp in Sources */ = {isa = PBXBuildFile; fileRef = 23D325C7151D3DEE00563D81 /* InfoPanel.cpp */; };
		23D325CF151E09B300563D81 /* CharacterPoint.cpp in Sources */ = {isa = PBXBuildFile; fileRef = 23D325CD151E09B200563D81 /* CharacterPoint.cpp */; };
		23D325D0151E09B300563D81 /* CharacterMovement.cpp in Sources */ = {isa = PBXBuildFile; fileRef = 23D325CE151E09B200563D81 /* CharacterMovement.cpp */; };
		23EB8A8115191D7A00CC3D2D /* ParticleController.cpp in Sources */ = {isa = PBXBuildFile; fileRef = 23EB8A8015191D7A00CC3D2D /* ParticleController.cpp */; };
		23ED3CC4152BC720009CD4C5 /* particle.png in Resources */ = {isa = PBXBuildFile; fileRef = 23ED3CC3152BC720009CD4C5 /* particle.png */; };
		23F904B2150BE0370040F1A3 /* Particle.cpp in Sources */ = {isa = PBXBuildFile; fileRef = 23F904B1150BE0370040F1A3 /* Particle.cpp */; };
		23F904BB150BFA460040F1A3 /* Character.cpp in Sources */ = {isa = PBXBuildFile; fileRef = 23F904BA150BFA460040F1A3 /* Character.cpp */; };
		5323E6B20EAFCA74003A9687 /* CoreVideo.framework in Frameworks */ = {isa = PBXBuildFile; fileRef = 5323E6B10EAFCA74003A9687 /* CoreVideo.framework */; };
		5323E6B60EAFCA7E003A9687 /* QTKit.framework in Frameworks */ = {isa = PBXBuildFile; fileRef = 5323E6B50EAFCA7E003A9687 /* QTKit.framework */; };
		53E3CDFC0E86099300238D2B /* Carbon.framework in Frameworks */ = {isa = PBXBuildFile; fileRef = 53E3CDFB0E86099300238D2B /* Carbon.framework */; };
		8D11072F0486CEB800E47090 /* Cocoa.framework in Frameworks */ = {isa = PBXBuildFile; fileRef = 1058C7A1FEA54F0111CA2CBB /* Cocoa.framework */; };
/* End PBXBuildFile section */

/* Begin PBXFileReference section */
		0091D8F80E81B9330029341E /* OpenGL.framework */ = {isa = PBXFileReference; lastKnownFileType = wrapper.framework; name = OpenGL.framework; path = /System/Library/Frameworks/OpenGL.framework; sourceTree = "<absolute>"; };
		0097E3E40F3E9819005A4392 /* QuickTime.framework */ = {isa = PBXFileReference; lastKnownFileType = wrapper.framework; name = QuickTime.framework; path = /System/Library/Frameworks/QuickTime.framework; sourceTree = "<absolute>"; };
		00B784AF0FF439BC000DE1D7 /* Accelerate.framework */ = {isa = PBXFileReference; lastKnownFileType = wrapper.framework; name = Accelerate.framework; path = System/Library/Frameworks/Accelerate.framework; sourceTree = SDKROOT; };
		00B784B00FF439BC000DE1D7 /* AudioToolbox.framework */ = {isa = PBXFileReference; lastKnownFileType = wrapper.framework; name = AudioToolbox.framework; path = System/Library/Frameworks/AudioToolbox.framework; sourceTree = SDKROOT; };
		00B784B10FF439BC000DE1D7 /* AudioUnit.framework */ = {isa = PBXFileReference; lastKnownFileType = wrapper.framework; name = AudioUnit.framework; path = System/Library/Frameworks/AudioUnit.framework; sourceTree = SDKROOT; };
		00B784B20FF439BC000DE1D7 /* CoreAudio.framework */ = {isa = PBXFileReference; lastKnownFileType = wrapper.framework; name = CoreAudio.framework; path = System/Library/Frameworks/CoreAudio.framework; sourceTree = SDKROOT; };
		00BAE6590E7ED9C10018A608 /* emotionApp.cpp */ = {isa = PBXFileReference; fileEncoding = 4; lastKnownFileType = sourcecode.cpp.cpp; name = emotionApp.cpp; path = ../src/emotionApp.cpp; sourceTree = SOURCE_ROOT; };
		00CCAF14116A9FEE008396D5 /* CinderApp.icns */ = {isa = PBXFileReference; lastKnownFileType = image.icns; name = CinderApp.icns; path = ../resources/CinderApp.icns; sourceTree = SOURCE_ROOT; };
		1058C7A1FEA54F0111CA2CBB /* Cocoa.framework */ = {isa = PBXFileReference; lastKnownFileType = wrapper.framework; name = Cocoa.framework; path = /System/Library/Frameworks/Cocoa.framework; sourceTree = "<absolute>"; };
		13E42FB307B3F0F600E4EEF1 /* CoreData.framework */ = {isa = PBXFileReference; lastKnownFileType = wrapper.framework; name = CoreData.framework; path = /System/Library/Frameworks/CoreData.framework; sourceTree = "<absolute>"; };
		2368971D152D2922006ECA87 /* CharacterSpline.h */ = {isa = PBXFileReference; fileEncoding = 4; lastKnownFileType = sourcecode.c.h; name = CharacterSpline.h; path = ../include/CharacterSpline.h; sourceTree = "<group>"; };
		2368971F152D2937006ECA87 /* CharacterSpline.cpp */ = {isa = PBXFileReference; fileEncoding = 4; lastKnownFileType = sourcecode.cpp.cpp; name = CharacterSpline.cpp; path = ../src/CharacterSpline.cpp; sourceTree = "<group>"; };
		2371E4F1151ABDE3009745BD /* EmoAttractor.cpp */ = {isa = PBXFileReference; fileEncoding = 4; lastKnownFileType = sourcecode.cpp.cpp; name = EmoAttractor.cpp; path = ../src/EmoAttractor.cpp; sourceTree = "<group>"; };
		2371E4F4151ABDF3009745BD /* EmoAttractor.h */ = {isa = PBXFileReference; fileEncoding = 4; lastKnownFileType = sourcecode.c.h; name = EmoAttractor.h; path = ../include/EmoAttractor.h; sourceTree = "<group>"; };
		238F2B741514B49500673859 /* BeatController.cpp */ = {isa = PBXFileReference; fileEncoding = 4; lastKnownFileType = sourcecode.cpp.cpp; name = BeatController.cpp; path = ../src/BeatController.cpp; sourceTree = "<group>"; };
		238F2B771514B49B00673859 /* BeatController.h */ = {isa = PBXFileReference; fileEncoding = 4; lastKnownFileType = sourcecode.c.h; name = BeatController.h; path = ../include/BeatController.h; sourceTree = "<group>"; };
		2394779015214B8C00D9B422 /* _codeSnippet.cpp */ = {isa = PBXFileReference; fileEncoding = 4; lastKnownFileType = sourcecode.cpp.cpp; name = _codeSnippet.cpp; path = ../src/_codeSnippet.cpp; sourceTree = "<group>"; };
		23A753B8150FBE2200666518 /* ChanTraits.h */ = {isa = PBXFileReference; fileEncoding = 4; lastKnownFileType = sourcecode.c.h; path = ChanTraits.h; sourceTree = "<group>"; };
		23A753B9150FBE2200666518 /* CinderMath.h */ = {isa = PBXFileReference; fileEncoding = 4; lastKnownFileType = sourcecode.c.h; path = CinderMath.h; sourceTree = "<group>"; };
		23A753BA150FBE2200666518 /* Color.cpp */ = {isa = PBXFileReference; fileEncoding = 4; lastKnownFileType = sourcecode.cpp.cpp; path = Color.cpp; sourceTree = "<group>"; };
		23A753BB150FBE2200666518 /* Color.h */ = {isa = PBXFileReference; fileEncoding = 4; lastKnownFileType = sourcecode.c.h; path = Color.h; sourceTree = "<group>"; };
		23A753BC150FBE2200666518 /* Vector.h */ = {isa = PBXFileReference; fileEncoding = 4; lastKnownFileType = sourcecode.c.h; path = Vector.h; sourceTree = "<group>"; };
		23A753BD150FBE2200666518 /* MSACore-Cinder.h */ = {isa = PBXFileReference; fileEncoding = 4; lastKnownFileType = sourcecode.c.h; path = "MSACore-Cinder.h"; sourceTree = "<group>"; };
		23A753BE150FBE2200666518 /* MSACore-OF.h */ = {isa = PBXFileReference; fileEncoding = 4; lastKnownFileType = sourcecode.c.h; path = "MSACore-OF.h"; sourceTree = "<group>"; };
		23A753BF150FBE2200666518 /* MSACore.h */ = {isa = PBXFileReference; fileEncoding = 4; lastKnownFileType = sourcecode.c.h; path = MSACore.h; sourceTree = "<group>"; };
		23A753C0150FBE2200666518 /* MSACoreCommon.h */ = {isa = PBXFileReference; fileEncoding = 4; lastKnownFileType = sourcecode.c.h; path = MSACoreCommon.h; sourceTree = "<group>"; };
		23A753C1150FBE2200666518 /* MSACoreGL.cpp */ = {isa = PBXFileReference; fileEncoding = 4; lastKnownFileType = sourcecode.cpp.cpp; path = MSACoreGL.cpp; sourceTree = "<group>"; };
		23A753C2150FBE2200666518 /* MSACoreGL.h */ = {isa = PBXFileReference; fileEncoding = 4; lastKnownFileType = sourcecode.c.h; path = MSACoreGL.h; sourceTree = "<group>"; };
		23A753C3150FBE2200666518 /* MSACoreMath.h */ = {isa = PBXFileReference; fileEncoding = 4; lastKnownFileType = sourcecode.c.h; path = MSACoreMath.h; sourceTree = "<group>"; };
		23A753D2150FBE2200666518 /* MSAObjCPointer.cpp */ = {isa = PBXFileReference; fileEncoding = 4; lastKnownFileType = sourcecode.cpp.cpp; path = MSAObjCPointer.cpp; sourceTree = "<group>"; };
		23A753D3150FBE2200666518 /* MSAObjCPointer.h */ = {isa = PBXFileReference; fileEncoding = 4; lastKnownFileType = sourcecode.c.h; path = MSAObjCPointer.h; sourceTree = "<group>"; };
		23A7540A150FBE2200666518 /* MSAPhysics.h */ = {isa = PBXFileReference; fileEncoding = 4; lastKnownFileType = sourcecode.c.h; path = MSAPhysics.h; sourceTree = "<group>"; };
		23A7540B150FBE2200666518 /* MSAPhysics2D.h */ = {isa = PBXFileReference; fileEncoding = 4; lastKnownFileType = sourcecode.c.h; path = MSAPhysics2D.h; sourceTree = "<group>"; };
		23A7540C150FBE2200666518 /* MSAPhysics3D.h */ = {isa = PBXFileReference; fileEncoding = 4; lastKnownFileType = sourcecode.c.h; path = MSAPhysics3D.h; sourceTree = "<group>"; };
		23A7540D150FBE2200666518 /* MSAPhysicsAttraction.h */ = {isa = PBXFileReference; fileEncoding = 4; lastKnownFileType = sourcecode.c.h; path = MSAPhysicsAttraction.h; sourceTree = "<group>"; };
		23A7540E150FBE2200666518 /* MSAPhysicsCallbacks.h */ = {isa = PBXFileReference; fileEncoding = 4; lastKnownFileType = sourcecode.c.h; path = MSAPhysicsCallbacks.h; sourceTree = "<group>"; };
		23A7540F150FBE2200666518 /* MSAPhysicsConstraint.h */ = {isa = PBXFileReference; fileEncoding = 4; lastKnownFileType = sourcecode.c.h; path = MSAPhysicsConstraint.h; sourceTree = "<group>"; };
		23A75410150FBE2200666518 /* MSAPhysicsDataRecorder.h */ = {isa = PBXFileReference; fileEncoding = 4; lastKnownFileType = sourcecode.c.h; path = MSAPhysicsDataRecorder.h; sourceTree = "<group>"; };
		23A75411150FBE2200666518 /* MSAPhysicsParams.h */ = {isa = PBXFileReference; fileEncoding = 4; lastKnownFileType = sourcecode.c.h; path = MSAPhysicsParams.h; sourceTree = "<group>"; };
		23A75412150FBE2200666518 /* MSAPhysicsParticle.h */ = {isa = PBXFileReference; fileEncoding = 4; lastKnownFileType = sourcecode.c.h; path = MSAPhysicsParticle.h; sourceTree = "<group>"; };
		23A75413150FBE2200666518 /* MSAPhysicsParticleDrawer.h */ = {isa = PBXFileReference; fileEncoding = 4; lastKnownFileType = sourcecode.c.h; path = MSAPhysicsParticleDrawer.h; sourceTree = "<group>"; };
		23A75414150FBE2200666518 /* MSAPhysicsParticleUpdater.h */ = {isa = PBXFileReference; fileEncoding = 4; lastKnownFileType = sourcecode.c.h; path = MSAPhysicsParticleUpdater.h; sourceTree = "<group>"; };
		23A75415150FBE2200666518 /* MSAPhysicsSector.h */ = {isa = PBXFileReference; fileEncoding = 4; lastKnownFileType = sourcecode.c.h; path = MSAPhysicsSector.h; sourceTree = "<group>"; };
		23A75416150FBE2200666518 /* MSAPhysicsSpring.h */ = {isa = PBXFileReference; fileEncoding = 4; lastKnownFileType = sourcecode.c.h; path = MSAPhysicsSpring.h; sourceTree = "<group>"; };
		23A75417150FBE2200666518 /* MSAPhysicsWorld.h */ = {isa = PBXFileReference; fileEncoding = 4; lastKnownFileType = sourcecode.c.h; path = MSAPhysicsWorld.h; sourceTree = "<group>"; };
		23CE9750150C147D00E0A515 /* niko_functionen.h */ = {isa = PBXFileReference; fileEncoding = 4; lastKnownFileType = sourcecode.c.h; name = niko_functionen.h; path = ../include/niko_functionen.h; sourceTree = "<group>"; };
		23D325C5151D3DE600563D81 /* InfoPanel.h */ = {isa = PBXFileReference; fileEncoding = 4; lastKnownFileType = sourcecode.c.h; name = InfoPanel.h; path = ../include/InfoPanel.h; sourceTree = "<group>"; };
		23D325C7151D3DEE00563D81 /* InfoPanel.cpp */ = {isa = PBXFileReference; fileEncoding = 4; lastKnownFileType = sourcecode.cpp.cpp; name = InfoPanel.cpp; path = ../src/InfoPanel.cpp; sourceTree = "<group>"; };
		23D325CD151E09B200563D81 /* CharacterPoint.cpp */ = {isa = PBXFileReference; fileEncoding = 4; lastKnownFileType = sourcecode.cpp.cpp; name = CharacterPoint.cpp; path = ../src/CharacterPoint.cpp; sourceTree = "<group>"; };
		23D325CE151E09B200563D81 /* CharacterMovement.cpp */ = {isa = PBXFileReference; fileEncoding = 4; lastKnownFileType = sourcecode.cpp.cpp; name = CharacterMovement.cpp; path = ../src/CharacterMovement.cpp; sourceTree = "<group>"; };
		23D325D1151E09BB00563D81 /* CharacterPoint.h */ = {isa = PBXFileReference; fileEncoding = 4; lastKnownFileType = sourcecode.c.h; name = CharacterPoint.h; path = ../include/CharacterPoint.h; sourceTree = "<group>"; };
		23D325D2151E09BB00563D81 /* CharacterMovement.h */ = {isa = PBXFileReference; fileEncoding = 4; lastKnownFileType = sourcecode.c.h; name = CharacterMovement.h; path = ../include/CharacterMovement.h; sourceTree = "<group>"; };
		23D325F2151EA8C100563D81 /* CharacterStructs.h */ = {isa = PBXFileReference; fileEncoding = 4; lastKnownFileType = sourcecode.c.h; name = CharacterStructs.h; path = ../include/CharacterStructs.h; sourceTree = "<group>"; };
		23EB8A8015191D7A00CC3D2D /* ParticleController.cpp */ = {isa = PBXFileReference; fileEncoding = 4; lastKnownFileType = sourcecode.cpp.cpp; name = ParticleController.cpp; path = ../src/ParticleController.cpp; sourceTree = "<group>"; };
		23EB8A8315191D8100CC3D2D /* ParticleController.h */ = {isa = PBXFileReference; fileEncoding = 4; lastKnownFileType = sourcecode.c.h; name = ParticleController.h; path = ../include/ParticleController.h; sourceTree = "<group>"; };
		23ED3CC2152BC44E009CD4C5 /* Resources.h */ = {isa = PBXFileReference; fileEncoding = 4; lastKnownFileType = sourcecode.c.h; name = Resources.h; path = ../include/Resources.h; sourceTree = "<group>"; };
		23ED3CC3152BC720009CD4C5 /* particle.png */ = {isa = PBXFileReference; lastKnownFileType = image.png; name = particle.png; path = ../resources/particle.png; sourceTree = "<group>"; };
		23F8C6541530933D00AFD80A /* Constants.h */ = {isa = PBXFileReference; fileEncoding = 4; lastKnownFileType = sourcecode.c.h; name = Constants.h; path = ../include/Constants.h; sourceTree = "<group>"; };
		23F904AF150BE0330040F1A3 /* Particle.h */ = {isa = PBXFileReference; fileEncoding = 4; lastKnownFileType = sourcecode.c.h; name = Particle.h; path = ../include/Particle.h; sourceTree = "<group>"; };
		23F904B1150BE0370040F1A3 /* Particle.cpp */ = {isa = PBXFileReference; fileEncoding = 4; lastKnownFileType = sourcecode.cpp.cpp; name = Particle.cpp; path = ../src/Particle.cpp; sourceTree = "<group>"; };
		23F904BA150BFA460040F1A3 /* Character.cpp */ = {isa = PBXFileReference; fileEncoding = 4; lastKnownFileType = sourcecode.cpp.cpp; name = Character.cpp; path = ../src/Character.cpp; sourceTree = "<group>"; };
		23F904BC150BFA4E0040F1A3 /* Character.h */ = {isa = PBXFileReference; fileEncoding = 4; lastKnownFileType = sourcecode.c.h; name = Character.h; path = ../include/Character.h; sourceTree = "<group>"; };
		29B97324FDCFA39411CA2CEA /* AppKit.framework */ = {isa = PBXFileReference; lastKnownFileType = wrapper.framework; name = AppKit.framework; path = /System/Library/Frameworks/AppKit.framework; sourceTree = "<absolute>"; };
		29B97325FDCFA39411CA2CEA /* Foundation.framework */ = {isa = PBXFileReference; lastKnownFileType = wrapper.framework; name = Foundation.framework; path = /System/Library/Frameworks/Foundation.framework; sourceTree = "<absolute>"; };
		32CA4F630368D1EE00C91783 /* emotion_Prefix.pch */ = {isa = PBXFileReference; fileEncoding = 4; lastKnownFileType = sourcecode.c.h; path = emotion_Prefix.pch; sourceTree = "<group>"; };
		5323E6B10EAFCA74003A9687 /* CoreVideo.framework */ = {isa = PBXFileReference; lastKnownFileType = wrapper.framework; name = CoreVideo.framework; path = /System/Library/Frameworks/CoreVideo.framework; sourceTree = "<absolute>"; };
		5323E6B50EAFCA7E003A9687 /* QTKit.framework */ = {isa = PBXFileReference; lastKnownFileType = wrapper.framework; name = QTKit.framework; path = /System/Library/Frameworks/QTKit.framework; sourceTree = "<absolute>"; };
		53E3CDFB0E86099300238D2B /* Carbon.framework */ = {isa = PBXFileReference; lastKnownFileType = wrapper.framework; name = Carbon.framework; path = /System/Library/Frameworks/Carbon.framework; sourceTree = "<absolute>"; };
		8D1107310486CEB800E47090 /* Info.plist */ = {isa = PBXFileReference; fileEncoding = 4; lastKnownFileType = text.plist.xml; path = Info.plist; sourceTree = "<group>"; };
		8D1107320486CEB800E47090 /* emotion.app */ = {isa = PBXFileReference; explicitFileType = wrapper.application; includeInIndex = 0; path = emotion.app; sourceTree = BUILT_PRODUCTS_DIR; };
/* End PBXFileReference section */

/* Begin PBXFrameworksBuildPhase section */
		8D11072E0486CEB800E47090 /* Frameworks */ = {
			isa = PBXFrameworksBuildPhase;
			buildActionMask = 2147483647;
			files = (
				8D11072F0486CEB800E47090 /* Cocoa.framework in Frameworks */,
				0091D8F90E81B9330029341E /* OpenGL.framework in Frameworks */,
				53E3CDFC0E86099300238D2B /* Carbon.framework in Frameworks */,
				5323E6B20EAFCA74003A9687 /* CoreVideo.framework in Frameworks */,
				5323E6B60EAFCA7E003A9687 /* QTKit.framework in Frameworks */,
				0097E3E50F3E9819005A4392 /* QuickTime.framework in Frameworks */,
				00B784B30FF439BC000DE1D7 /* Accelerate.framework in Frameworks */,
				00B784B40FF439BC000DE1D7 /* AudioToolbox.framework in Frameworks */,
				00B784B50FF439BC000DE1D7 /* AudioUnit.framework in Frameworks */,
				00B784B60FF439BC000DE1D7 /* CoreAudio.framework in Frameworks */,
			);
			runOnlyForDeploymentPostprocessing = 0;
		};
/* End PBXFrameworksBuildPhase section */

/* Begin PBXGroup section */
		080E96DDFE201D6D7F000001 /* Source */ = {
			isa = PBXGroup;
			children = (
				2394779015214B8C00D9B422 /* _codeSnippet.cpp */,
				23D325C7151D3DEE00563D81 /* InfoPanel.cpp */,
				00BAE6590E7ED9C10018A608 /* emotionApp.cpp */,
				238F2B741514B49500673859 /* BeatController.cpp */,
				2371E4F1151ABDE3009745BD /* EmoAttractor.cpp */,
				23EB8A8015191D7A00CC3D2D /* ParticleController.cpp */,
				23F904B1150BE0370040F1A3 /* Particle.cpp */,
				23F904BA150BFA460040F1A3 /* Character.cpp */,
				23D325CD151E09B200563D81 /* CharacterPoint.cpp */,
				2368971F152D2937006ECA87 /* CharacterSpline.cpp */,
				23D325CE151E09B200563D81 /* CharacterMovement.cpp */,
			);
			name = Source;
			sourceTree = "<group>";
		};
		1058C7A0FEA54F0111CA2CBB /* Linked Frameworks */ = {
			isa = PBXGroup;
			children = (
				00B784AF0FF439BC000DE1D7 /* Accelerate.framework */,
				00B784B00FF439BC000DE1D7 /* AudioToolbox.framework */,
				00B784B10FF439BC000DE1D7 /* AudioUnit.framework */,
				00B784B20FF439BC000DE1D7 /* CoreAudio.framework */,
				0097E3E40F3E9819005A4392 /* QuickTime.framework */,
				5323E6B50EAFCA7E003A9687 /* QTKit.framework */,
				5323E6B10EAFCA74003A9687 /* CoreVideo.framework */,
				53E3CDFB0E86099300238D2B /* Carbon.framework */,
				0091D8F80E81B9330029341E /* OpenGL.framework */,
				1058C7A1FEA54F0111CA2CBB /* Cocoa.framework */,
			);
			name = "Linked Frameworks";
			sourceTree = "<group>";
		};
		1058C7A2FEA54F0111CA2CBB /* Other Frameworks */ = {
			isa = PBXGroup;
			children = (
				29B97324FDCFA39411CA2CEA /* AppKit.framework */,
				13E42FB307B3F0F600E4EEF1 /* CoreData.framework */,
				29B97325FDCFA39411CA2CEA /* Foundation.framework */,
			);
			name = "Other Frameworks";
			sourceTree = "<group>";
		};
		19C28FACFE9D520D11CA2CBB /* Products */ = {
			isa = PBXGroup;
			children = (
				8D1107320486CEB800E47090 /* emotion.app */,
			);
			name = Products;
			sourceTree = "<group>";
		};
		23A753B2150FBDC300666518 /* Blocks */ = {
			isa = PBXGroup;
			children = (
				23A753B4150FBE2200666518 /* MSACore */,
				23A753C4150FBE2200666518 /* MSAObjCPointer */,
				23A753D4150FBE2200666518 /* MSAPhysics */,
			);
			name = Blocks;
			sourceTree = "<group>";
		};
		23A753B4150FBE2200666518 /* MSACore */ = {
			isa = PBXGroup;
			children = (
				23A753B6150FBE2200666518 /* src */,
			);
			name = MSACore;
			path = ../../../blocks/MSACore;
			sourceTree = "<group>";
		};
		23A753B6150FBE2200666518 /* src */ = {
			isa = PBXGroup;
			children = (
				23A753B7150FBE2200666518 /* cinder-lite */,
				23A753BD150FBE2200666518 /* MSACore-Cinder.h */,
				23A753BE150FBE2200666518 /* MSACore-OF.h */,
				23A753BF150FBE2200666518 /* MSACore.h */,
				23A753C0150FBE2200666518 /* MSACoreCommon.h */,
				23A753C1150FBE2200666518 /* MSACoreGL.cpp */,
				23A753C2150FBE2200666518 /* MSACoreGL.h */,
				23A753C3150FBE2200666518 /* MSACoreMath.h */,
			);
			path = src;
			sourceTree = "<group>";
		};
		23A753B7150FBE2200666518 /* cinder-lite */ = {
			isa = PBXGroup;
			children = (
				23A753B8150FBE2200666518 /* ChanTraits.h */,
				23A753B9150FBE2200666518 /* CinderMath.h */,
				23A753BA150FBE2200666518 /* Color.cpp */,
				23A753BB150FBE2200666518 /* Color.h */,
				23A753BC150FBE2200666518 /* Vector.h */,
			);
			path = "cinder-lite";
			sourceTree = "<group>";
		};
		23A753C4150FBE2200666518 /* MSAObjCPointer */ = {
			isa = PBXGroup;
			children = (
				23A753D1150FBE2200666518 /* src */,
			);
			name = MSAObjCPointer;
			path = ../../../blocks/MSAObjCPointer;
			sourceTree = "<group>";
		};
		23A753D1150FBE2200666518 /* src */ = {
			isa = PBXGroup;
			children = (
				23A753D2150FBE2200666518 /* MSAObjCPointer.cpp */,
				23A753D3150FBE2200666518 /* MSAObjCPointer.h */,
			);
			path = src;
			sourceTree = "<group>";
		};
		23A753D4150FBE2200666518 /* MSAPhysics */ = {
			isa = PBXGroup;
			children = (
				23A75409150FBE2200666518 /* src */,
			);
			name = MSAPhysics;
			path = ../../../blocks/MSAPhysics;
			sourceTree = "<group>";
		};
		23A75409150FBE2200666518 /* src */ = {
			isa = PBXGroup;
			children = (
				23A7540A150FBE2200666518 /* MSAPhysics.h */,
				23A7540B150FBE2200666518 /* MSAPhysics2D.h */,
				23A7540C150FBE2200666518 /* MSAPhysics3D.h */,
				23A7540D150FBE2200666518 /* MSAPhysicsAttraction.h */,
				23A7540E150FBE2200666518 /* MSAPhysicsCallbacks.h */,
				23A7540F150FBE2200666518 /* MSAPhysicsConstraint.h */,
				23A75410150FBE2200666518 /* MSAPhysicsDataRecorder.h */,
				23A75411150FBE2200666518 /* MSAPhysicsParams.h */,
				23A75412150FBE2200666518 /* MSAPhysicsParticle.h */,
				23A75413150FBE2200666518 /* MSAPhysicsParticleDrawer.h */,
				23A75414150FBE2200666518 /* MSAPhysicsParticleUpdater.h */,
				23A75415150FBE2200666518 /* MSAPhysicsSector.h */,
				23A75416150FBE2200666518 /* MSAPhysicsSpring.h */,
				23A75417150FBE2200666518 /* MSAPhysicsWorld.h */,
			);
			path = src;
			sourceTree = "<group>";
		};
		29B97314FDCFA39411CA2CEA /* emotion */ = {
			isa = PBXGroup;
			children = (
				23A753B2150FBDC300666518 /* Blocks */,
				29B97315FDCFA39411CA2CEA /* Headers */,
				080E96DDFE201D6D7F000001 /* Source */,
				29B97317FDCFA39411CA2CEA /* Resources */,
				29B97323FDCFA39411CA2CEA /* Frameworks */,
				19C28FACFE9D520D11CA2CBB /* Products */,
			);
			name = emotion;
			sourceTree = "<group>";
		};
		29B97315FDCFA39411CA2CEA /* Headers */ = {
			isa = PBXGroup;
			children = (
				23F8C6541530933D00AFD80A /* Constants.h */,
				23ED3CC2152BC44E009CD4C5 /* Resources.h */,
				23D325C5151D3DE600563D81 /* InfoPanel.h */,
				32CA4F630368D1EE00C91783 /* emotion_Prefix.pch */,
				23CE9750150C147D00E0A515 /* niko_functionen.h */,
				238F2B771514B49B00673859 /* BeatController.h */,
				2371E4F4151ABDF3009745BD /* EmoAttractor.h */,
				23EB8A8315191D8100CC3D2D /* ParticleController.h */,
				23F904AF150BE0330040F1A3 /* Particle.h */,
				23F904BC150BFA4E0040F1A3 /* Character.h */,
				23D325F2151EA8C100563D81 /* CharacterStructs.h */,
				23D325D1151E09BB00563D81 /* CharacterPoint.h */,
				2368971D152D2922006ECA87 /* CharacterSpline.h */,
				23D325D2151E09BB00563D81 /* CharacterMovement.h */,
			);
			name = Headers;
			sourceTree = "<group>";
		};
		29B97317FDCFA39411CA2CEA /* Resources */ = {
			isa = PBXGroup;
			children = (
				23ED3CC3152BC720009CD4C5 /* particle.png */,
				8D1107310486CEB800E47090 /* Info.plist */,
				00CCAF14116A9FEE008396D5 /* CinderApp.icns */,
			);
			name = Resources;
			sourceTree = "<group>";
		};
		29B97323FDCFA39411CA2CEA /* Frameworks */ = {
			isa = PBXGroup;
			children = (
				1058C7A0FEA54F0111CA2CBB /* Linked Frameworks */,
				1058C7A2FEA54F0111CA2CBB /* Other Frameworks */,
			);
			name = Frameworks;
			sourceTree = "<group>";
		};
/* End PBXGroup section */

/* Begin PBXNativeTarget section */
		8D1107260486CEB800E47090 /* emotion */ = {
			isa = PBXNativeTarget;
			buildConfigurationList = C01FCF4A08A954540054247B /* Build configuration list for PBXNativeTarget "emotion" */;
			buildPhases = (
				8D1107290486CEB800E47090 /* Resources */,
				8D11072C0486CEB800E47090 /* Sources */,
				8D11072E0486CEB800E47090 /* Frameworks */,
			);
			buildRules = (
			);
			dependencies = (
			);
			name = emotion;
			productInstallPath = "$(HOME)/Applications";
			productName = emotion;
			productReference = 8D1107320486CEB800E47090 /* emotion.app */;
			productType = "com.apple.product-type.application";
		};
/* End PBXNativeTarget section */

/* Begin PBXProject section */
		29B97313FDCFA39411CA2CEA /* Project object */ = {
			isa = PBXProject;
			buildConfigurationList = C01FCF4E08A954540054247B /* Build configuration list for PBXProject "emotion" */;
			compatibilityVersion = "Xcode 3.0";
			developmentRegion = English;
			hasScannedForEncodings = 1;
			knownRegions = (
				en,
			);
			mainGroup = 29B97314FDCFA39411CA2CEA /* emotion */;
			projectDirPath = "";
			projectRoot = "";
			targets = (
				8D1107260486CEB800E47090 /* emotion */,
			);
		};
/* End PBXProject section */

/* Begin PBXResourcesBuildPhase section */
		8D1107290486CEB800E47090 /* Resources */ = {
			isa = PBXResourcesBuildPhase;
			buildActionMask = 2147483647;
			files = (
				00CCAF15116A9FEE008396D5 /* CinderApp.icns in Resources */,
				23ED3CC4152BC720009CD4C5 /* particle.png in Resources */,
			);
			runOnlyForDeploymentPostprocessing = 0;
		};
/* End PBXResourcesBuildPhase section */

/* Begin PBXSourcesBuildPhase section */
		8D11072C0486CEB800E47090 /* Sources */ = {
			isa = PBXSourcesBuildPhase;
			buildActionMask = 2147483647;
			files = (
				00BAE65A0E7ED9C10018A608 /* emotionApp.cpp in Sources */,
				23F904B2150BE0370040F1A3 /* Particle.cpp in Sources */,
				23F904BB150BFA460040F1A3 /* Character.cpp in Sources */,
				23A75423150FBE2200666518 /* Color.cpp in Sources */,
				23A75424150FBE2200666518 /* MSACoreGL.cpp in Sources */,
				23A7542A150FBE2200666518 /* MSAObjCPointer.cpp in Sources */,
				238F2B751514B49500673859 /* BeatController.cpp in Sources */,
				23EB8A8115191D7A00CC3D2D /* ParticleController.cpp in Sources */,
				2371E4F2151ABDE3009745BD /* EmoAttractor.cpp in Sources */,
				23D325C8151D3DEE00563D81 /* InfoPanel.cpp in Sources */,
				23D325CF151E09B300563D81 /* CharacterPoint.cpp in Sources */,
				23D325D0151E09B300563D81 /* CharacterMovement.cpp in Sources */,
				2394779115214B8C00D9B422 /* _codeSnippet.cpp in Sources */,
				23689720152D2937006ECA87 /* CharacterSpline.cpp in Sources */,
			);
			runOnlyForDeploymentPostprocessing = 0;
		};
/* End PBXSourcesBuildPhase section */

/* Begin XCBuildConfiguration section */
		C01FCF4B08A954540054247B /* Debug */ = {
			isa = XCBuildConfiguration;
			buildSettings = {
				COPY_PHASE_STRIP = NO;
				GCC_DYNAMIC_NO_PIC = NO;
				GCC_ENABLE_FIX_AND_CONTINUE = YES;
				GCC_INLINES_ARE_PRIVATE_EXTERN = YES;
				GCC_MODEL_TUNING = G5;
				GCC_OPTIMIZATION_LEVEL = 0;
				GCC_PRECOMPILE_PREFIX_HEADER = YES;
				GCC_PREFIX_HEADER = emotion_Prefix.pch;
				GCC_SYMBOLS_PRIVATE_EXTERN = NO;
				INFOPLIST_FILE = Info.plist;
				INSTALL_PATH = "$(HOME)/Applications";
				OTHER_LDFLAGS = "\"$(CINDER_PATH)/lib/libcinder_d.a\"";
				PRODUCT_NAME = emotion;
				WRAPPER_EXTENSION = app;
			};
			name = Debug;
		};
		C01FCF4C08A954540054247B /* Release */ = {
			isa = XCBuildConfiguration;
			buildSettings = {
				DEAD_CODE_STRIPPING = YES;
				DEBUG_INFORMATION_FORMAT = "dwarf-with-dsym";
				GCC_FAST_MATH = YES;
				GCC_GENERATE_DEBUGGING_SYMBOLS = NO;
				GCC_INLINES_ARE_PRIVATE_EXTERN = YES;
				GCC_MODEL_TUNING = G5;
				GCC_OPTIMIZATION_LEVEL = 3;
				GCC_PRECOMPILE_PREFIX_HEADER = YES;
				GCC_PREFIX_HEADER = emotion_Prefix.pch;
				GCC_SYMBOLS_PRIVATE_EXTERN = NO;
				INFOPLIST_FILE = Info.plist;
				INSTALL_PATH = "$(HOME)/Applications";
				OTHER_LDFLAGS = "\"$(CINDER_PATH)/lib/libcinder.a\"";
				PRODUCT_NAME = emotion;
				STRIP_INSTALLED_PRODUCT = YES;
				WRAPPER_EXTENSION = app;
			};
			name = Release;
		};
		C01FCF4F08A954540054247B /* Debug */ = {
			isa = XCBuildConfiguration;
			buildSettings = {
				ALWAYS_SEARCH_USER_PATHS = NO;
				ARCHS = i386;
				CINDER_PATH = ../../..;
				GCC_WARN_ABOUT_RETURN_TYPE = YES;
				GCC_WARN_UNUSED_VARIABLE = YES;
				HEADER_SEARCH_PATHS = "\"$(CINDER_PATH)/boost\"";
				MACOSX_DEPLOYMENT_TARGET = 10.5;
				PREBINDING = NO;
				SDKROOT = "$(DEVELOPER_SDK_DIR)/MacOSX10.6.sdk";
				USER_HEADER_SEARCH_PATHS = "\"$(CINDER_PATH)/include\" ../include";
			};
			name = Debug;
		};
		C01FCF5008A954540054247B /* Release */ = {
			isa = XCBuildConfiguration;
			buildSettings = {
				ALWAYS_SEARCH_USER_PATHS = NO;
				ARCHS = i386;
				CINDER_PATH = ../../..;
				GCC_WARN_ABOUT_RETURN_TYPE = YES;
				GCC_WARN_UNUSED_VARIABLE = YES;
				HEADER_SEARCH_PATHS = "\"$(CINDER_PATH)/boost\"";
				MACOSX_DEPLOYMENT_TARGET = 10.5;
				PREBINDING = NO;
				SDKROOT = "$(DEVELOPER_SDK_DIR)/MacOSX10.6.sdk";
				USER_HEADER_SEARCH_PATHS = "\"$(CINDER_PATH)/include\" ../include";
			};
			name = Release;
		};
/* End XCBuildConfiguration section */

/* Begin XCConfigurationList section */
		C01FCF4A08A954540054247B /* Build configuration list for PBXNativeTarget "emotion" */ = {
			isa = XCConfigurationList;
			buildConfigurations = (
				C01FCF4B08A954540054247B /* Debug */,
				C01FCF4C08A954540054247B /* Release */,
			);
			defaultConfigurationIsVisible = 0;
			defaultConfigurationName = Release;
		};
		C01FCF4E08A954540054247B /* Build configuration list for PBXProject "emotion" */ = {
			isa = XCConfigurationList;
			buildConfigurations = (
				C01FCF4F08A954540054247B /* Debug */,
				C01FCF5008A954540054247B /* Release */,
			);
			defaultConfigurationIsVisible = 0;
			defaultConfigurationName = Release;
		};
/* End XCConfigurationList section */
	};
	rootObject = 29B97313FDCFA39411CA2CEA /* Project object */;
}
